
Microsoft Visual Studio Solution File, Format Version 12.00
# Visual Studio Version 17
VisualStudioVersion = 17.3.32929.385
MinimumVisualStudioVersion = 10.0.40219.1
Project("{FAE04EC0-301F-11D3-BF4B-00C04F79EFBC}") = "Exchanger", "Exchanger\Exchanger.csproj", "{05C8C39E-61EA-4E79-9264-4097ADF55DC4}"
EndProject
Global
	GlobalSection(SolutionConfigurationPlatforms) = preSolution
		Debug|Any CPU = Debug|Any CPU
		Release|Any CPU = Release|Any CPU
	EndGlobalSection
	GlobalSection(ProjectConfigurationPlatforms) = postSolution
		{05C8C39E-61EA-4E79-9264-4097ADF55DC4}.Debug|Any CPU.ActiveCfg = Debug|Any CPU
		{05C8C39E-61EA-4E79-9264-4097ADF55DC4}.Debug|Any CPU.Build.0 = Debug|Any CPU
		{05C8C39E-61EA-4E79-9264-4097ADF55DC4}.Release|Any CPU.ActiveCfg = Release|Any CPU
		{05C8C39E-61EA-4E79-9264-4097ADF55DC4}.Release|Any CPU.Build.0 = Release|Any CPU
	EndGlobalSection
	GlobalSection(SolutionProperties) = preSolution
		HideSolutionNode = FALSE
	EndGlobalSection
	GlobalSection(ExtensibilityGlobals) = postSolution
		SolutionGuid = {D9878AA3-47B0-4F67-9171-49ED8DBFD441}
	EndGlobalSection
EndGlobal
